{
  "requires": true,
  "lockfileVersion": 1,
  "dependencies": {
    "html-table-of-contents": {
      "version": "0.1.1",
      "resolved": "https://registry.npmjs.org/html-table-of-contents/-/html-table-of-contents-0.1.1.tgz",
      "integrity": "sha1-cssrr1bbOSTDK5X/181K02vB8lM="
    },
    "jquery": {
      "version": "3.4.1",
      "resolved": "https://registry.npmjs.org/jquery/-/jquery-3.4.1.tgz",
      "integrity": "sha512-36+AdBzCL+y6qjw5Tx7HgzeGCzC81MDDgaUP8ld2zhx58HdqXGoBd+tHdrBMiyjGQs0Hxs/MLZTu/eHNJJuWPw=="
    },
    "mathjax": {
      "version": "3.0.1",
      "resolved": "https://registry.npmjs.org/mathjax/-/mathjax-3.0.1.tgz",
      "integrity": "sha512-hrwOeKm3b1X4zpvLRSX89y3MZLRJTq0bSGIbo5M6BANOeGlL2z8Y8mZaKRFJ/WY4qcIrHp3f+Q9RWIaldOCUVg=="
    }
  }
}
